{
  "requires": true,
  "lockfileVersion": 1,
  "dependencies": {
    "react-native-red5pro": {
      "version": "https://github.com/infrared5/react-native-red5pro/tarball/develop",
      "integrity": "sha512-w/qjw1Pbz+cqDl0Z+tZrWZ3QMlceIs7DUhYUAS8s3kR/bfNyoQW7qGNScY5/0q2ZK/3HmjEuAAOZzwxYOTYe/g=="
    }
  }
}
